# THIS IS AN AUTOGENERATED FILE. DO NOT EDIT THIS FILE DIRECTLY.
# yarn lockfile v1


"@aha-app/aha-develop-react@^1.0.6":
  version "1.0.6"
  resolved "https://registry.yarnpkg.com/@aha-app/aha-develop-react/-/aha-develop-react-1.0.6.tgz#1a85f9c24ea03e27b5abd5b9aa7b8e5a9cd53cf4"
  integrity sha512-eDTLvj5kUdt8vQHhKJuAk6McAoN6jbwLTSS6K4c2/dFDVEW9APetFTXg8VOX6RsV2HPjfeGXf5nEk7pwgNSOlQ==

"@octokit/app@^12.0.0":
  version "12.0.3"
  resolved "https://registry.yarnpkg.com/@octokit/app/-/app-12.0.3.tgz#f14619c69c431609cda9bd6c7a00b246b4db32bb"
  integrity sha512-ag/g5ufxZl+t93b19WBdrg+7GLq3IgPsGb5z/xqjyCsV2tr7i2Dqjrah/IbTJ4ncNE7iIvMQI5/vKjiSSUxqCg==
  dependencies:
    "@octokit/auth-app" "^3.3.0"
    "@octokit/auth-unauthenticated" "^2.0.4"
    "@octokit/core" "^3.4.0"
    "@octokit/oauth-app" "^3.3.2"
    "@octokit/plugin-paginate-rest" "^2.13.3"
    "@octokit/types" "^6.13.0"
    "@octokit/webhooks" "^9.0.1"

"@octokit/auth-app@^3.3.0":
  version "3.5.3"
  resolved "https://registry.yarnpkg.com/@octokit/auth-app/-/auth-app-3.5.3.tgz#078a552b04141c8e0933989ab6bf8125961742d7"
  integrity sha512-KB5pZCQ3lN9U47+dTAPlyzQO4bFwaaJClnMI2vOYJC0HPm7mGxZ1m/xG7Tk2rn6g07Ei6n06vYoWvuuuHYkXNA==
  dependencies:
    "@octokit/auth-oauth-app" "^4.3.0"
    "@octokit/auth-oauth-user" "^1.2.3"
    "@octokit/request" "^5.6.0"
    "@octokit/request-error" "^2.1.0"
    "@octokit/types" "^6.0.3"
    "@types/lru-cache" "^5.1.0"
    deprecation "^2.3.1"
    lru-cache "^6.0.0"
    universal-github-app-jwt "^1.0.1"
    universal-user-agent "^6.0.0"

"@octokit/auth-oauth-app@^4.0.0", "@octokit/auth-oauth-app@^4.3.0":
  version "4.3.0"
  resolved "https://registry.yarnpkg.com/@octokit/auth-oauth-app/-/auth-oauth-app-4.3.0.tgz#de02f184360ffd7cfccef861053784fc4410e7ea"
  integrity sha512-cETmhmOQRHCz6cLP7StThlJROff3A/ln67Q961GuIr9zvyFXZ4lIJy9RE6Uw5O7D8IXWPU3jhDnG47FTSGQr8Q==
  dependencies:
    "@octokit/auth-oauth-device" "^3.1.1"
    "@octokit/auth-oauth-user" "^1.2.1"
    "@octokit/request" "^5.3.0"
    "@octokit/types" "^6.0.3"
    "@types/btoa-lite" "^1.0.0"
    btoa-lite "^1.0.0"
    universal-user-agent "^6.0.0"

"@octokit/auth-oauth-device@^3.1.1":
  version "3.1.2"
  resolved "https://registry.yarnpkg.com/@octokit/auth-oauth-device/-/auth-oauth-device-3.1.2.tgz#d299f51f491669f37fe7af8738f5ac921e63973c"
  integrity sha512-w7Po4Ck6N2aAn2VQyKLuojruiyKROTBv4qs6IwE5rbwF7HhBXXp4A/NKmkpoFIZkiXQtM+N8QtkSck4ApYWdGg==
  dependencies:
    "@octokit/oauth-methods" "^1.1.0"
    "@octokit/request" "^5.4.14"
    "@octokit/types" "^6.10.0"
    universal-user-agent "^6.0.0"

"@octokit/auth-oauth-user@^1.2.1", "@octokit/auth-oauth-user@^1.2.3", "@octokit/auth-oauth-user@^1.3.0":
  version "1.3.0"
  resolved "https://registry.yarnpkg.com/@octokit/auth-oauth-user/-/auth-oauth-user-1.3.0.tgz#da4e4529145181a6aa717ae858afb76ebd6e3360"
  integrity sha512-3QC/TAdk7onnxfyZ24BnJRfZv8TRzQK7SEFUS9vLng4Vv6Hv6I64ujdk/CUkREec8lhrwU764SZ/d+yrjjqhaQ==
  dependencies:
    "@octokit/auth-oauth-device" "^3.1.1"
    "@octokit/oauth-methods" "^1.1.0"
    "@octokit/request" "^5.4.14"
    "@octokit/types" "^6.12.2"
    btoa-lite "^1.0.0"
    universal-user-agent "^6.0.0"

"@octokit/auth-token@^2.4.4":
  version "2.4.5"
  resolved "https://registry.yarnpkg.com/@octokit/auth-token/-/auth-token-2.4.5.tgz#568ccfb8cb46f36441fac094ce34f7a875b197f3"
  integrity sha512-BpGYsPgJt05M7/L/5FoE1PiAbdxXFZkX/3kDYcsvd1v6UhlnE5e96dTDr0ezX/EFwciQxf3cNV0loipsURU+WA==
  dependencies:
    "@octokit/types" "^6.0.3"

"@octokit/auth-unauthenticated@^2.0.0", "@octokit/auth-unauthenticated@^2.0.4":
  version "2.1.0"
  resolved "https://registry.yarnpkg.com/@octokit/auth-unauthenticated/-/auth-unauthenticated-2.1.0.tgz#ef97de366836e09f130de4e2205be955f9cf131c"
  integrity sha512-+baofLfSL0CAv3CfGQ9rxiZZQEX8VNJMGuuS4PgrMRBUL52Ho5+hQYb63UJQshw7EXYMPDZxbXznc0y33cbPqw==
  dependencies:
    "@octokit/request-error" "^2.1.0"
    "@octokit/types" "^6.0.3"

"@octokit/core@^3.3.1", "@octokit/core@^3.3.2", "@octokit/core@^3.4.0", "@octokit/core@^3.5.0":
  version "3.5.1"
  resolved "https://registry.yarnpkg.com/@octokit/core/-/core-3.5.1.tgz#8601ceeb1ec0e1b1b8217b960a413ed8e947809b"
  integrity sha512-omncwpLVxMP+GLpLPgeGJBF6IWJFjXDS5flY5VbppePYX9XehevbDykRH9PdCdvqt9TS5AOTiDide7h0qrkHjw==
  dependencies:
    "@octokit/auth-token" "^2.4.4"
    "@octokit/graphql" "^4.5.8"
    "@octokit/request" "^5.6.0"
    "@octokit/request-error" "^2.0.5"
    "@octokit/types" "^6.0.3"
    before-after-hook "^2.2.0"
    universal-user-agent "^6.0.0"

"@octokit/endpoint@^6.0.1":
  version "6.0.12"
  resolved "https://registry.yarnpkg.com/@octokit/endpoint/-/endpoint-6.0.12.tgz#3b4d47a4b0e79b1027fb8d75d4221928b2d05658"
  integrity sha512-lF3puPwkQWGfkMClXb4k/eUT/nZKQfxinRWJrdZaJO85Dqwo/G0yOC434Jr2ojwafWJMYqFGFa5ms4jJUgujdA==
  dependencies:
    "@octokit/types" "^6.0.3"
    is-plain-object "^5.0.0"
    universal-user-agent "^6.0.0"

"@octokit/graphql@^4.5.8", "@octokit/graphql@^4.6.4":
  version "4.6.4"
  resolved "https://registry.yarnpkg.com/@octokit/graphql/-/graphql-4.6.4.tgz#0c3f5bed440822182e972317122acb65d311a5ed"
  integrity sha512-SWTdXsVheRmlotWNjKzPOb6Js6tjSqA2a8z9+glDJng0Aqjzti8MEWOtuT8ZSu6wHnci7LZNuarE87+WJBG4vg==
  dependencies:
    "@octokit/request" "^5.6.0"
    "@octokit/types" "^6.0.3"
    universal-user-agent "^6.0.0"

"@octokit/oauth-app@^3.3.0", "@octokit/oauth-app@^3.3.2":
  version "3.4.0"
  resolved "https://registry.yarnpkg.com/@octokit/oauth-app/-/oauth-app-3.4.0.tgz#e28ef8607e22d5547630518bb0e4ca96d4f4e878"
  integrity sha512-aJc/undC6y2kiuJFHLiBI3QM6Qc/IGvnIoPvrmTHLQoqM9DqeSxevkfbdfZVUPnxpbBYwuTBcoVKoPbxxUBMKA==
  dependencies:
    "@octokit/auth-oauth-app" "^4.0.0"
    "@octokit/auth-oauth-user" "^1.3.0"
    "@octokit/auth-unauthenticated" "^2.0.0"
    "@octokit/core" "^3.3.2"
    "@octokit/oauth-authorization-url" "^4.2.1"
    "@octokit/oauth-methods" "^1.2.2"
    fromentries "^1.3.1"
    universal-user-agent "^6.0.0"

"@octokit/oauth-authorization-url@^4.2.1", "@octokit/oauth-authorization-url@^4.3.1":
  version "4.3.2"
  resolved "https://registry.yarnpkg.com/@octokit/oauth-authorization-url/-/oauth-authorization-url-4.3.2.tgz#b8272a152c137e06789233eec0b623de3584d192"
  integrity sha512-CkKc5+clTSd8nNAtwQWzBewASIpgxO8tEtU75AbVsjDuwDIDj9F0uJ5fjGvsa2rwkc8kP4CxTk5dvEe38SfbLA==

"@octokit/oauth-methods@^1.1.0", "@octokit/oauth-methods@^1.2.2":
  version "1.2.4"
  resolved "https://registry.yarnpkg.com/@octokit/oauth-methods/-/oauth-methods-1.2.4.tgz#5f2706b29f09d309233aee61c99b66aedec0511a"
  integrity sha512-85hen2Dkpnmy2PGfVFe7Ke9rUo//nlqUcHE4GiQBHJ7D95rAm19GcRO49LlH6NOXOMdEFj7i/Ay5GVDRrAk38w==
  dependencies:
    "@octokit/oauth-authorization-url" "^4.3.1"
    "@octokit/request" "^5.4.14"
    "@octokit/request-error" "^2.0.5"
    "@octokit/types" "^6.12.2"
    btoa-lite "^1.0.0"

"@octokit/openapi-types@^8.3.0":
  version "8.3.0"
  resolved "https://registry.yarnpkg.com/@octokit/openapi-types/-/openapi-types-8.3.0.tgz#8bc912edae8c03e002882cf1e29b595b7da9b441"
  integrity sha512-ZFyQ30tNpoATI7o+Z9MWFUzUgWisB8yduhcky7S4UYsRijgIGSnwUKzPBDGzf/Xkx1DuvUtqzvmuFlDSqPJqmQ==

"@octokit/plugin-paginate-rest@^2.13.3", "@octokit/plugin-paginate-rest@^2.6.2":
  version "2.14.0"
  resolved "https://registry.yarnpkg.com/@octokit/plugin-paginate-rest/-/plugin-paginate-rest-2.14.0.tgz#f469cb4a908792fb44679c5973d8bba820c88b0f"
  integrity sha512-S2uEu2uHeI7Vf+Lvj8tv3O5/5TCAa8GHS0dUQN7gdM7vKA6ZHAbR6HkAVm5yMb1mbedLEbxOuQ+Fa0SQ7tCDLA==
  dependencies:
    "@octokit/types" "^6.18.0"

"@octokit/plugin-request-log@^1.0.2":
  version "1.0.4"
  resolved "https://registry.yarnpkg.com/@octokit/plugin-request-log/-/plugin-request-log-1.0.4.tgz#5e50ed7083a613816b1e4a28aeec5fb7f1462e85"
  integrity sha512-mLUsMkgP7K/cnFEw07kWqXGF5LKrOkD+lhCrKvPHXWDywAwuDUeDwWBpc69XK3pNX0uKiVt8g5z96PJ6z9xCFA==

"@octokit/plugin-rest-endpoint-methods@5.4.1", "@octokit/plugin-rest-endpoint-methods@^5.0.0":
  version "5.4.1"
  resolved "https://registry.yarnpkg.com/@octokit/plugin-rest-endpoint-methods/-/plugin-rest-endpoint-methods-5.4.1.tgz#540ec90bb753dcaa682ee9f2cd6efdde9132fa90"
  integrity sha512-Nx0g7I5ayAYghsLJP4Q1Ch2W9jYYM0FlWWWZocUro8rNxVwuZXGfFd7Rcqi9XDWepSXjg1WByiNJnZza2hIOvQ==
  dependencies:
    "@octokit/types" "^6.18.1"
    deprecation "^2.3.1"

"@octokit/plugin-retry@^3.0.8":
  version "3.0.9"
  resolved "https://registry.yarnpkg.com/@octokit/plugin-retry/-/plugin-retry-3.0.9.tgz#ae625cca1e42b0253049102acd71c1d5134788fe"
  integrity sha512-r+fArdP5+TG6l1Rv/C9hVoty6tldw6cE2pRHNGmFPdyfrc696R6JjrQ3d7HdVqGwuzfyrcaLAKD7K8TX8aehUQ==
  dependencies:
    "@octokit/types" "^6.0.3"
    bottleneck "^2.15.3"

"@octokit/plugin-throttling@^3.4.3":
  version "3.5.1"
  resolved "https://registry.yarnpkg.com/@octokit/plugin-throttling/-/plugin-throttling-3.5.1.tgz#889e80e7f3464a18c768337369498d2d47c0b643"
  integrity sha512-d2jh3/RZo98DRw2J0jFxhKz7nrTGalGdkfRtxM+pI5k1wRb4BKBjiuE9cuZnhZyj+zLC1EcIptj7K+28LJZ3eA==
  dependencies:
    "@octokit/types" "^6.0.1"
    bottleneck "^2.15.3"

"@octokit/request-error@^2.0.2", "@octokit/request-error@^2.0.5", "@octokit/request-error@^2.1.0":
  version "2.1.0"
  resolved "https://registry.yarnpkg.com/@octokit/request-error/-/request-error-2.1.0.tgz#9e150357831bfc788d13a4fd4b1913d60c74d677"
  integrity sha512-1VIvgXxs9WHSjicsRwq8PlR2LR2x6DwsJAaFgzdi0JfJoGSO8mYI/cHJQ+9FbN21aa+DrgNLnwObmyeSC8Rmpg==
  dependencies:
    "@octokit/types" "^6.0.3"
    deprecation "^2.0.0"
    once "^1.4.0"

"@octokit/request@^5.3.0", "@octokit/request@^5.4.14", "@octokit/request@^5.6.0":
  version "5.6.0"
  resolved "https://registry.yarnpkg.com/@octokit/request/-/request-5.6.0.tgz#6084861b6e4fa21dc40c8e2a739ec5eff597e672"
  integrity sha512-4cPp/N+NqmaGQwbh3vUsYqokQIzt7VjsgTYVXiwpUP2pxd5YiZB2XuTedbb0SPtv9XS7nzAKjAuQxmY8/aZkiA==
  dependencies:
    "@octokit/endpoint" "^6.0.1"
    "@octokit/request-error" "^2.1.0"
    "@octokit/types" "^6.16.1"
    is-plain-object "^5.0.0"
    node-fetch "^2.6.1"
    universal-user-agent "^6.0.0"

"@octokit/rest@^18.6.7":
  version "18.6.7"
  resolved "https://registry.yarnpkg.com/@octokit/rest/-/rest-18.6.7.tgz#89b8ecd13edd9603f00453640d1fb0b4175d4b31"
  integrity sha512-Kn6WrI2ZvmAztdx+HEaf88RuJn+LK72S8g6OpciE4kbZddAN84fu4fiPGxcEu052WmqKVnA/cnQsbNlrYC6rqQ==
  dependencies:
    "@octokit/core" "^3.5.0"
    "@octokit/plugin-paginate-rest" "^2.6.2"
    "@octokit/plugin-request-log" "^1.0.2"
    "@octokit/plugin-rest-endpoint-methods" "5.4.1"

"@octokit/types@^6.0.1", "@octokit/types@^6.0.3", "@octokit/types@^6.10.0", "@octokit/types@^6.12.2", "@octokit/types@^6.13.0", "@octokit/types@^6.16.1", "@octokit/types@^6.18.0", "@octokit/types@^6.18.1":
  version "6.19.0"
  resolved "https://registry.yarnpkg.com/@octokit/types/-/types-6.19.0.tgz#e2b6fedb10c8b53cf4574aa5d1a8a5611295297a"
  integrity sha512-9wdZFiJfonDyU6DjIgDHxAIn92vdSUBOwAXbO2F9rOFt6DJwuAkyGLu1CvdJPphCbPBoV9iSDMX7y4fu0v6AtA==
  dependencies:
    "@octokit/openapi-types" "^8.3.0"

"@octokit/webhooks-methods@^2.0.0":
  version "2.0.0"
  resolved "https://registry.yarnpkg.com/@octokit/webhooks-methods/-/webhooks-methods-2.0.0.tgz#1108b9ea661ca6c81e4a8bfa63a09eb27d5bc2db"
  integrity sha512-35cfQ4YWlnZnmZKmIxlGPUPLtbkF8lr/A/1Sk1eC0ddLMwQN06dOuLc+dI3YLQS+T+MoNt3DIQ0NynwgKPilig==

"@octokit/webhooks-types@4.1.0":
  version "4.1.0"
  resolved "https://registry.yarnpkg.com/@octokit/webhooks-types/-/webhooks-types-4.1.0.tgz#d27f8ef496e788d60dab8790155fdb204ca720e7"
  integrity sha512-KQtzFYhhi3k3cGCeqo/PSEhmLZO/4DCtPSgeDG8M9De84fIvTvJbbt2ApeLgzNd6YNAbPjfbdxx8dRkc7jy5uA==

"@octokit/webhooks@^9.0.1":
  version "9.10.0"
  resolved "https://registry.yarnpkg.com/@octokit/webhooks/-/webhooks-9.10.0.tgz#e701809d713e13e37a19d8febe0e2c2bee056a4e"
  integrity sha512-68H32iWPAaCum0uoRR9OVAfSJPO//+Gsmuz8QJ6JYrqAuHLUilFNJL40yaf102/ZQu0nzgKYzigD9HJ6XmeU5A==
  dependencies:
    "@octokit/request-error" "^2.0.2"
    "@octokit/webhooks-methods" "^2.0.0"
    "@octokit/webhooks-types" "4.1.0"
    aggregate-error "^3.1.0"

"@types/btoa-lite@^1.0.0":
  version "1.0.0"
  resolved "https://registry.yarnpkg.com/@types/btoa-lite/-/btoa-lite-1.0.0.tgz#e190a5a548e0b348adb0df9ac7fa5f1151c7cca4"
  integrity sha512-wJsiX1tosQ+J5+bY5LrSahHxr2wT+uME5UDwdN1kg4frt40euqA+wzECkmq4t5QbveHiJepfdThgQrPw6KiSlg==

"@types/hast@^2.0.0":
  version "2.3.2"
  resolved "https://registry.yarnpkg.com/@types/hast/-/hast-2.3.2.tgz#236201acca9e2695e42f713d7dd4f151dc2982e4"
  integrity sha512-Op5W7jYgZI7AWKY5wQ0/QNMzQM7dGQPyW1rXKNiymVCy5iTfdPuGu4HhYNOM2sIv8gUfIuIdcYlXmAepwaowow==
  dependencies:
    "@types/unist" "*"

"@types/jsonwebtoken@^8.3.3":
  version "8.5.4"
  resolved "https://registry.yarnpkg.com/@types/jsonwebtoken/-/jsonwebtoken-8.5.4.tgz#50ccaf0aa6f5d7b9956e70fe323b76e582991913"
  integrity sha512-4L8msWK31oXwdtC81RmRBAULd0ShnAHjBuKT9MRQpjP0piNrZdXyTRcKY9/UIfhGeKIT4PvF5amOOUbbT/9Wpg==
  dependencies:
    "@types/node" "*"

"@types/lru-cache@^5.1.0":
  version "5.1.1"
  resolved "https://registry.yarnpkg.com/@types/lru-cache/-/lru-cache-5.1.1.tgz#c48c2e27b65d2a153b19bfc1a317e30872e01eef"
  integrity sha512-ssE3Vlrys7sdIzs5LOxCzTVMsU7i9oa/IaW92wF32JFb3CVczqOkru2xspuKczHEbG3nvmPY7IFqVmGGHdNbYw==

"@types/mdast@^3.0.0":
  version "3.0.7"
  resolved "https://registry.yarnpkg.com/@types/mdast/-/mdast-3.0.7.tgz#cba63d0cc11eb1605cea5c0ad76e02684394166b"
  integrity sha512-YwR7OK8aPmaBvMMUi+pZXBNoW2unbVbfok4YRqGMJBe1dpDlzpRkJrYEYmvjxgs5JhuQmKfDexrN98u941Zasg==
  dependencies:
    "@types/unist" "*"

"@types/node@*":
  version "16.3.3"
  resolved "https://registry.yarnpkg.com/@types/node/-/node-16.3.3.tgz#0c30adff37bbbc7a50eb9b58fae2a504d0d88038"
  integrity sha512-8h7k1YgQKxKXWckzFCMfsIwn0Y61UK6tlD6y2lOb3hTOIMlK3t9/QwHOhc81TwU+RMf0As5fj7NPjroERCnejQ==

"@types/prop-types@*":
  version "15.7.4"
  resolved "https://registry.yarnpkg.com/@types/prop-types/-/prop-types-15.7.4.tgz#fcf7205c25dff795ee79af1e30da2c9790808f11"
  integrity sha512-rZ5drC/jWjrArrS8BR6SIr4cWpW09RNTYt9AMZo3Jwwif+iacXAqgVjm0B0Bv/S1jhDXKHqRVNCbACkJ89RAnQ==

"@types/react@^17.0.14":
  version "17.0.14"
  resolved "https://registry.yarnpkg.com/@types/react/-/react-17.0.14.tgz#f0629761ca02945c4e8fea99b8177f4c5c61fb0f"
  integrity sha512-0WwKHUbWuQWOce61UexYuWTGuGY/8JvtUe/dtQ6lR4sZ3UiylHotJeWpf3ArP9+DSGUoLY3wbU59VyMrJps5VQ==
  dependencies:
    "@types/prop-types" "*"
    "@types/scheduler" "*"
    csstype "^3.0.2"

"@types/scheduler@*":
  version "0.16.2"
  resolved "https://registry.yarnpkg.com/@types/scheduler/-/scheduler-0.16.2.tgz#1a62f89525723dde24ba1b01b092bf5df8ad4d39"
  integrity sha512-hppQEBDmlwhFAXKJX2KnWLYu5yMfi91yazPb2l+lbJiwW+wdo1gNeRA+3RgNSO39WYX2euey41KEwnqesU2Jew==

"@types/unist@*", "@types/unist@^2.0.0", "@types/unist@^2.0.2", "@types/unist@^2.0.3":
  version "2.0.6"
  resolved "https://registry.yarnpkg.com/@types/unist/-/unist-2.0.6.tgz#250a7b16c3b91f672a24552ec64678eeb1d3a08d"
  integrity sha512-PBjIUxZHOuj0R15/xuwJYjFi+KZdNFrehocChv4g5hu6aFroHue8m0lBP0POdK2nKzbw0cgV1mws8+V/JAcEkQ==

aggregate-error@^3.1.0:
  version "3.1.0"
  resolved "https://registry.yarnpkg.com/aggregate-error/-/aggregate-error-3.1.0.tgz#92670ff50f5359bdb7a3e0d40d0ec30c5737687a"
  integrity sha512-4I7Td01quW/RpocfNayFdFVk1qSuoh0E7JrbRJ16nH01HhKFQ88INq9Sd+nd72zqRySlr9BmDA8xlEJ6vJMrYA==
  dependencies:
    clean-stack "^2.0.0"
    indent-string "^4.0.0"

bail@^1.0.0:
  version "1.0.5"
  resolved "https://registry.yarnpkg.com/bail/-/bail-1.0.5.tgz#b6fa133404a392cbc1f8c4bf63f5953351e7a776"
  integrity sha512-xFbRxM1tahm08yHBP16MMjVUAvDaBMD38zsM9EMAUN61omwLmKlOpB/Zku5QkjZ8TZ4vn53pj+t518cH0S03RQ==

before-after-hook@^2.2.0:
  version "2.2.2"
  resolved "https://registry.yarnpkg.com/before-after-hook/-/before-after-hook-2.2.2.tgz#a6e8ca41028d90ee2c24222f201c90956091613e"
  integrity sha512-3pZEU3NT5BFUo/AD5ERPWOgQOCZITni6iavr5AUw5AUwQjMlI0kzu5btnyD39AF0gUEsDPwJT+oY1ORBJijPjQ==

bottleneck@^2.15.3:
  version "2.19.5"
  resolved "https://registry.yarnpkg.com/bottleneck/-/bottleneck-2.19.5.tgz#5df0b90f59fd47656ebe63c78a98419205cadd91"
  integrity sha512-VHiNCbI1lKdl44tGrhNfU3lup0Tj/ZBMJB5/2ZbNXRCPuRCO7ed2mgcK4r17y+KB2EfuYuRaVlwNbAeaWGSpbw==

btoa-lite@^1.0.0:
  version "1.0.0"
  resolved "https://registry.yarnpkg.com/btoa-lite/-/btoa-lite-1.0.0.tgz#337766da15801210fdd956c22e9c6891ab9d0337"
  integrity sha1-M3dm2hWAEhD92VbCLpxokaudAzc=

buffer-equal-constant-time@1.0.1:
  version "1.0.1"
  resolved "https://registry.yarnpkg.com/buffer-equal-constant-time/-/buffer-equal-constant-time-1.0.1.tgz#f8e71132f7ffe6e01a5c9697a4c6f3e48d5cc819"
  integrity sha1-+OcRMvf/5uAaXJaXpMbz5I1cyBk=

character-entities-legacy@^1.0.0:
  version "1.1.4"
  resolved "https://registry.yarnpkg.com/character-entities-legacy/-/character-entities-legacy-1.1.4.tgz#94bc1845dce70a5bb9d2ecc748725661293d8fc1"
  integrity sha512-3Xnr+7ZFS1uxeiUDvV02wQ+QDbc55o97tIV5zHScSPJpcLm/r0DFPcoY3tYRp+VZukxuMeKgXYmsXQHO05zQeA==

character-entities@^1.0.0:
  version "1.2.4"
  resolved "https://registry.yarnpkg.com/character-entities/-/character-entities-1.2.4.tgz#e12c3939b7eaf4e5b15e7ad4c5e28e1d48c5b16b"
  integrity sha512-iBMyeEHxfVnIakwOuDXpVkc54HijNgCyQB2w0VfGQThle6NXn50zU6V/u+LDhxHcDUPojn6Kpga3PTAD8W1bQw==

character-reference-invalid@^1.0.0:
  version "1.1.4"
  resolved "https://registry.yarnpkg.com/character-reference-invalid/-/character-reference-invalid-1.1.4.tgz#083329cda0eae272ab3dbbf37e9a382c13af1560"
  integrity sha512-mKKUkUbhPpQlCOfIuZkvSEgktjPFIsZKRRbC6KWVEMvlzblj3i3asQv5ODsrwt0N3pHAEvjP8KTQPHkp0+6jOg==

clean-stack@^2.0.0:
  version "2.2.0"
  resolved "https://registry.yarnpkg.com/clean-stack/-/clean-stack-2.2.0.tgz#ee8472dbb129e727b31e8a10a427dee9dfe4008b"
  integrity sha512-4diC9HaTE+KRAMWhDhrGOECgWZxoevMc5TlkObMqNSsVU62PYzXZ/SMTjzyGAFF1YusgxGcSWTEXBhp0CPwQ1A==

comma-separated-tokens@^1.0.0:
  version "1.0.8"
  resolved "https://registry.yarnpkg.com/comma-separated-tokens/-/comma-separated-tokens-1.0.8.tgz#632b80b6117867a158f1080ad498b2fbe7e3f5ea"
  integrity sha512-GHuDRO12Sypu2cV70d1dkA2EUmXHgntrzbpvOB+Qy+49ypNfGgFQIC2fhhXbnyrJRynDCAARsT7Ou0M6hirpfw==

csstype@^3.0.2:
  version "3.0.8"
  resolved "https://registry.yarnpkg.com/csstype/-/csstype-3.0.8.tgz#d2266a792729fb227cd216fb572f43728e1ad340"
  integrity sha512-jXKhWqXPmlUeoQnF/EhTtTl4C9SnrxSH/jZUih3jmO6lBKr99rP3/+FmrMj4EFpOXzMtXHAZkd3x0E6h6Fgflw==

debug@^4.0.0:
  version "4.3.2"
  resolved "https://registry.yarnpkg.com/debug/-/debug-4.3.2.tgz#f0a49c18ac8779e31d4a0c6029dfb76873c7428b"
  integrity sha512-mOp8wKcvj7XxC78zLgw/ZA+6TSgkoE2C/ienthhRD298T7UNwAg9diBpLRxC0mOezLl4B0xV7M0cCO6P/O0Xhw==
  dependencies:
    ms "2.1.2"

deprecation@^2.0.0, deprecation@^2.3.1:
  version "2.3.1"
  resolved "https://registry.yarnpkg.com/deprecation/-/deprecation-2.3.1.tgz#6368cbdb40abf3373b525ac87e4a260c3a700919"
  integrity sha512-xmHIy4F3scKVwMsQ4WnVaS8bHOx0DmVwRywosKhaILI0ywMDWPtBSku2HNxRvF7jtwDRsoEwYQSfbxj8b7RlJQ==

ecdsa-sig-formatter@1.0.11:
  version "1.0.11"
  resolved "https://registry.yarnpkg.com/ecdsa-sig-formatter/-/ecdsa-sig-formatter-1.0.11.tgz#ae0f0fa2d85045ef14a817daa3ce9acd0489e5bf"
  integrity sha512-nagl3RYrbNv6kQkeJIpt6NJZy8twLB/2vtz6yN9Z4vRKHN4/QZJIEbqohALSgwKdnksuY3k5Addp5lg8sVoVcQ==
  dependencies:
    safe-buffer "^5.0.1"

extend@^3.0.0:
  version "3.0.2"
  resolved "https://registry.yarnpkg.com/extend/-/extend-3.0.2.tgz#f8b1136b4071fbd8eb140aff858b1019ec2915fa"
  integrity sha512-fjquC59cD7CyW6urNXK0FBufkZcoiGG80wTuPujX590cB5Ttln20E2UB4S/WARVqhXffZl2LNgS+gQdPIIim/g==

fromentries@^1.3.1:
  version "1.3.2"
  resolved "https://registry.yarnpkg.com/fromentries/-/fromentries-1.3.2.tgz#e4bca6808816bf8f93b52750f1127f5a6fd86e3a"
  integrity sha512-cHEpEQHUg0f8XdtZCc2ZAhrHzKzT0MrFUTcvx+hfxYu7rGMDc5SKoXFh+n4YigxsHXRzc6OrCshdR1bWH6HHyg==

gql-tag@^1.0.1:
  version "1.0.1"
  resolved "https://registry.yarnpkg.com/gql-tag/-/gql-tag-1.0.1.tgz#25294dc23986db5b950b81a8bc8debfb0acf6140"
  integrity sha512-eVxldTiOtJJ3ySNgYbfRwyIyDDMATJ/ykojlQng5ihX1V0Xpr4C7ZXSZuWo7tg+kf+GS8lzhlbZmKSDjbYGhyA==

graphql@^15.5.1:
  version "15.5.1"
  resolved "https://registry.yarnpkg.com/graphql/-/graphql-15.5.1.tgz#f2f84415d8985e7b84731e7f3536f8bb9d383aad"
  integrity sha512-FeTRX67T3LoE3LWAxxOlW2K3Bz+rMYAC18rRguK4wgXaTZMiJwSUwDmPFo3UadAKbzirKIg5Qy+sNJXbpPRnQw==

hamt_plus@1.0.2:
  version "1.0.2"
  resolved "https://registry.yarnpkg.com/hamt_plus/-/hamt_plus-1.0.2.tgz#e21c252968c7e33b20f6a1b094cd85787a265601"
  integrity sha1-4hwlKWjH4zsg9qGwlM2FeHomVgE=

indent-string@^4.0.0:
  version "4.0.0"
  resolved "https://registry.yarnpkg.com/indent-string/-/indent-string-4.0.0.tgz#624f8f4497d619b2d9768531d58f4122854d7251"
  integrity sha512-EdDDZu4A2OyIK7Lr/2zG+w5jmbuk1DVBnEwREQvBzspBJkCEbRa8GxU1lghYcaGJCnRWibjDXlq779X1/y5xwg==

inline-style-parser@0.1.1:
  version "0.1.1"
  resolved "https://registry.yarnpkg.com/inline-style-parser/-/inline-style-parser-0.1.1.tgz#ec8a3b429274e9c0a1f1c4ffa9453a7fef72cea1"
  integrity sha512-7NXolsK4CAS5+xvdj5OMMbI962hU/wvwoxk+LWR9Ek9bVtyuuYScDN6eS0rUm6TxApFpw7CX1o4uJzcd4AyD3Q==

is-alphabetical@^1.0.0:
  version "1.0.4"
  resolved "https://registry.yarnpkg.com/is-alphabetical/-/is-alphabetical-1.0.4.tgz#9e7d6b94916be22153745d184c298cbf986a686d"
  integrity sha512-DwzsA04LQ10FHTZuL0/grVDk4rFoVH1pjAToYwBrHSxcrBIGQuXrQMtD5U1b0U2XVgKZCTLLP8u2Qxqhy3l2Vg==

is-alphanumerical@^1.0.0:
  version "1.0.4"
  resolved "https://registry.yarnpkg.com/is-alphanumerical/-/is-alphanumerical-1.0.4.tgz#7eb9a2431f855f6b1ef1a78e326df515696c4dbf"
  integrity sha512-UzoZUr+XfVz3t3v4KyGEniVL9BDRoQtY7tOyrRybkVNjDFWyo1yhXNGrrBTQxp3ib9BLAWs7k2YKBQsFRkZG9A==
  dependencies:
    is-alphabetical "^1.0.0"
    is-decimal "^1.0.0"

is-buffer@^2.0.0:
  version "2.0.5"
  resolved "https://registry.yarnpkg.com/is-buffer/-/is-buffer-2.0.5.tgz#ebc252e400d22ff8d77fa09888821a24a658c191"
  integrity sha512-i2R6zNFDwgEHJyQUtJEk0XFi1i0dPFn/oqjK3/vPCcDeJvW5NQ83V8QbicfF1SupOaB0h8ntgBC2YiE7dfyctQ==

is-decimal@^1.0.0:
  version "1.0.4"
  resolved "https://registry.yarnpkg.com/is-decimal/-/is-decimal-1.0.4.tgz#65a3a5958a1c5b63a706e1b333d7cd9f630d3fa5"
  integrity sha512-RGdriMmQQvZ2aqaQq3awNA6dCGtKpiDFcOzrTWrDAT2MiWrKQVPmxLGHl7Y2nNu6led0kEyoX0enY0qXYsv9zw==

is-hexadecimal@^1.0.0:
  version "1.0.4"
  resolved "https://registry.yarnpkg.com/is-hexadecimal/-/is-hexadecimal-1.0.4.tgz#cc35c97588da4bd49a8eedd6bc4082d44dcb23a7"
  integrity sha512-gyPJuv83bHMpocVYoqof5VDiZveEoGoFL8m3BXNb2VW8Xs+rz9kqO8LOQ5DH6EsuvilT1ApazU0pyl+ytbPtlw==

is-plain-obj@^2.0.0:
  version "2.1.0"
  resolved "https://registry.yarnpkg.com/is-plain-obj/-/is-plain-obj-2.1.0.tgz#45e42e37fccf1f40da8e5f76ee21515840c09287"
  integrity sha512-YWnfyRwxL/+SsrWYfOpUtz5b3YD+nyfkHvjbcanzk8zgyO4ASD67uVMRt8k5bM4lLMDnXfriRhOpemw+NfT1eA==

is-plain-object@^5.0.0:
  version "5.0.0"
  resolved "https://registry.yarnpkg.com/is-plain-object/-/is-plain-object-5.0.0.tgz#4427f50ab3429e9025ea7d52e9043a9ef4159344"
  integrity sha512-VRSzKkbMm5jMDoKLbltAkFQ5Qr7VDiTFGXxYFXXowVj387GeGNOCsOH6Msy00SGZ3Fp84b1Naa1psqgcCIEP5Q==

"js-tokens@^3.0.0 || ^4.0.0":
  version "4.0.0"
  resolved "https://registry.yarnpkg.com/js-tokens/-/js-tokens-4.0.0.tgz#19203fb59991df98e3a287050d4647cdeaf32499"
  integrity sha512-RdJUflcE3cUzKiMqQgsCu06FPu9UdIJO0beYbPhHN4k6apgJtifcoCtT9bcxOpYBtpD2kCM6Sbzg4CausW/PKQ==

jsonwebtoken@^8.5.1:
  version "8.5.1"
  resolved "https://registry.yarnpkg.com/jsonwebtoken/-/jsonwebtoken-8.5.1.tgz#00e71e0b8df54c2121a1f26137df2280673bcc0d"
  integrity sha512-XjwVfRS6jTMsqYs0EsuJ4LGxXV14zQybNd4L2r0UvbVnSF9Af8x7p5MzbJ90Ioz/9TI41/hTCvznF/loiSzn8w==
  dependencies:
    jws "^3.2.2"
    lodash.includes "^4.3.0"
    lodash.isboolean "^3.0.3"
    lodash.isinteger "^4.0.4"
    lodash.isnumber "^3.0.3"
    lodash.isplainobject "^4.0.6"
    lodash.isstring "^4.0.1"
    lodash.once "^4.0.0"
    ms "^2.1.1"
    semver "^5.6.0"

jwa@^1.4.1:
  version "1.4.1"
  resolved "https://registry.yarnpkg.com/jwa/-/jwa-1.4.1.tgz#743c32985cb9e98655530d53641b66c8645b039a"
  integrity sha512-qiLX/xhEEFKUAJ6FiBMbes3w9ATzyk5W7Hvzpa/SLYdxNtng+gcurvrI7TbACjIXlsJyr05/S1oUhZrc63evQA==
  dependencies:
    buffer-equal-constant-time "1.0.1"
    ecdsa-sig-formatter "1.0.11"
    safe-buffer "^5.0.1"

jws@^3.2.2:
  version "3.2.2"
  resolved "https://registry.yarnpkg.com/jws/-/jws-3.2.2.tgz#001099f3639468c9414000e99995fa52fb478304"
  integrity sha512-YHlZCB6lMTllWDtSPHz/ZXTsi8S00usEV6v1tjq8tOUZzw7DpSDWVXjXDre6ed1w/pd495ODpHZYSdkRTsa0HA==
  dependencies:
    jwa "^1.4.1"
    safe-buffer "^5.0.1"

lodash.includes@^4.3.0:
  version "4.3.0"
  resolved "https://registry.yarnpkg.com/lodash.includes/-/lodash.includes-4.3.0.tgz#60bb98a87cb923c68ca1e51325483314849f553f"
  integrity sha1-YLuYqHy5I8aMoeUTJUgzFISfVT8=

lodash.isboolean@^3.0.3:
  version "3.0.3"
  resolved "https://registry.yarnpkg.com/lodash.isboolean/-/lodash.isboolean-3.0.3.tgz#6c2e171db2a257cd96802fd43b01b20d5f5870f6"
  integrity sha1-bC4XHbKiV82WgC/UOwGyDV9YcPY=

lodash.isinteger@^4.0.4:
  version "4.0.4"
  resolved "https://registry.yarnpkg.com/lodash.isinteger/-/lodash.isinteger-4.0.4.tgz#619c0af3d03f8b04c31f5882840b77b11cd68343"
  integrity sha1-YZwK89A/iwTDH1iChAt3sRzWg0M=

lodash.isnumber@^3.0.3:
  version "3.0.3"
  resolved "https://registry.yarnpkg.com/lodash.isnumber/-/lodash.isnumber-3.0.3.tgz#3ce76810c5928d03352301ac287317f11c0b1ffc"
  integrity sha1-POdoEMWSjQM1IwGsKHMX8RwLH/w=

lodash.isplainobject@^4.0.6:
  version "4.0.6"
  resolved "https://registry.yarnpkg.com/lodash.isplainobject/-/lodash.isplainobject-4.0.6.tgz#7c526a52d89b45c45cc690b88163be0497f550cb"
  integrity sha1-fFJqUtibRcRcxpC4gWO+BJf1UMs=

lodash.isstring@^4.0.1:
  version "4.0.1"
  resolved "https://registry.yarnpkg.com/lodash.isstring/-/lodash.isstring-4.0.1.tgz#d527dfb5456eca7cc9bb95d5daeaf88ba54a5451"
  integrity sha1-1SfftUVuynzJu5XV2ur4i6VKVFE=

lodash.once@^4.0.0:
  version "4.1.1"
  resolved "https://registry.yarnpkg.com/lodash.once/-/lodash.once-4.1.1.tgz#0dd3971213c7c56df880977d504c88fb471a97ac"
  integrity sha1-DdOXEhPHxW34gJd9UEyI+0cal6w=

loose-envify@^1.4.0:
  version "1.4.0"
  resolved "https://registry.yarnpkg.com/loose-envify/-/loose-envify-1.4.0.tgz#71ee51fa7be4caec1a63839f7e682d8132d30caf"
  integrity sha512-lyuxPGr/Wfhrlem2CL/UcnUc1zcqKAImBDzukY7Y5F/yQiNdko6+fRLevlw1HgMySw7f611UIY408EtxRSoK3Q==
  dependencies:
    js-tokens "^3.0.0 || ^4.0.0"

lru-cache@^6.0.0:
  version "6.0.0"
  resolved "https://registry.yarnpkg.com/lru-cache/-/lru-cache-6.0.0.tgz#6d6fe6570ebd96aaf90fcad1dafa3b2566db3a94"
  integrity sha512-Jo6dJ04CmSjuznwJSS3pUeWmd/H0ffTlkXXgwZi+eq1UCmqQwCh+eLsYOYCwY991i2Fah4h1BEMCx4qThGbsiA==
  dependencies:
    yallist "^4.0.0"

mdast-util-definitions@^4.0.0:
  version "4.0.0"
  resolved "https://registry.yarnpkg.com/mdast-util-definitions/-/mdast-util-definitions-4.0.0.tgz#c5c1a84db799173b4dcf7643cda999e440c24db2"
  integrity sha512-k8AJ6aNnUkB7IE+5azR9h81O5EQ/cTDXtWdMq9Kk5KcEW/8ritU5CeLg/9HhOC++nALHBlaogJ5jz0Ybk3kPMQ==
  dependencies:
    unist-util-visit "^2.0.0"

mdast-util-from-markdown@^0.8.0:
  version "0.8.5"
  resolved "https://registry.yarnpkg.com/mdast-util-from-markdown/-/mdast-util-from-markdown-0.8.5.tgz#d1ef2ca42bc377ecb0463a987910dae89bd9a28c"
  integrity sha512-2hkTXtYYnr+NubD/g6KGBS/0mFmBcifAsI0yIWRiRo0PjVs6SSOSOdtzbp6kSGnShDN6G5aWZpKQ2lWRy27mWQ==
  dependencies:
    "@types/mdast" "^3.0.0"
    mdast-util-to-string "^2.0.0"
    micromark "~2.11.0"
    parse-entities "^2.0.0"
    unist-util-stringify-position "^2.0.0"

mdast-util-to-hast@^10.2.0:
  version "10.2.0"
  resolved "https://registry.yarnpkg.com/mdast-util-to-hast/-/mdast-util-to-hast-10.2.0.tgz#61875526a017d8857b71abc9333942700b2d3604"
  integrity sha512-JoPBfJ3gBnHZ18icCwHR50orC9kNH81tiR1gs01D8Q5YpV6adHNO9nKNuFBCJQ941/32PT1a63UF/DitmS3amQ==
  dependencies:
    "@types/mdast" "^3.0.0"
    "@types/unist" "^2.0.0"
    mdast-util-definitions "^4.0.0"
    mdurl "^1.0.0"
    unist-builder "^2.0.0"
    unist-util-generated "^1.0.0"
    unist-util-position "^3.0.0"
    unist-util-visit "^2.0.0"

mdast-util-to-string@^2.0.0:
  version "2.0.0"
  resolved "https://registry.yarnpkg.com/mdast-util-to-string/-/mdast-util-to-string-2.0.0.tgz#b8cfe6a713e1091cb5b728fc48885a4767f8b97b"
  integrity sha512-AW4DRS3QbBayY/jJmD8437V1Gombjf8RSOUCMFBuo5iHi58AGEgVCKQ+ezHkZZDpAQS75hcBMpLqjpJTjtUL7w==

mdurl@^1.0.0:
  version "1.0.1"
  resolved "https://registry.yarnpkg.com/mdurl/-/mdurl-1.0.1.tgz#fe85b2ec75a59037f2adfec100fd6c601761152e"
  integrity sha1-/oWy7HWlkDfyrf7BAP1sYBdhFS4=

micromark@~2.11.0:
  version "2.11.4"
  resolved "https://registry.yarnpkg.com/micromark/-/micromark-2.11.4.tgz#d13436138eea826383e822449c9a5c50ee44665a"
  integrity sha512-+WoovN/ppKolQOFIAajxi7Lu9kInbPxFuTBVEavFcL8eAfVstoc5MocPmqBeAdBOJV00uaVjegzH4+MA0DN/uA==
  dependencies:
    debug "^4.0.0"
    parse-entities "^2.0.0"

ms@2.1.2:
  version "2.1.2"
  resolved "https://registry.yarnpkg.com/ms/-/ms-2.1.2.tgz#d09d1f357b443f493382a8eb3ccd183872ae6009"
  integrity sha512-sGkPx+VjMtmA6MX27oA4FBFELFCZZ4S4XqeGOXCv68tT+jb3vk/RyaKWP0PTKyWtmLSM0b+adUTEvbs1PEaH2w==

ms@^2.1.1:
  version "2.1.3"
  resolved "https://registry.yarnpkg.com/ms/-/ms-2.1.3.tgz#574c8138ce1d2b5861f0b44579dbadd60c6615b2"
  integrity sha512-6FlzubTLZG3J2a/NVCAleEhjzq5oxgHyaCU9yYXvcLsvoVaHJq/s5xXI6/XXP6tz7R9xAOtHnSO/tXtF3WRTlA==

node-fetch@^2.6.1:
  version "2.6.1"
  resolved "https://registry.yarnpkg.com/node-fetch/-/node-fetch-2.6.1.tgz#045bd323631f76ed2e2b55573394416b639a0052"
  integrity sha512-V4aYg89jEoVRxRb2fJdAg8FHvI7cEyYdVAh94HH0UIK8oJxUfkjlDQN9RbMx+bEjP7+ggMiFRprSti032Oipxw==

object-assign@^4.1.1:
  version "4.1.1"
  resolved "https://registry.yarnpkg.com/object-assign/-/object-assign-4.1.1.tgz#2109adc7965887cfc05cbbd442cac8bfbb360863"
  integrity sha1-IQmtx5ZYh8/AXLvUQsrIv7s2CGM=

octokit@^1.1.0:
  version "1.1.0"
  resolved "https://registry.yarnpkg.com/octokit/-/octokit-1.1.0.tgz#419bc50438fecd0b8e70a5e057ad3aec5524e134"
  integrity sha512-S5MiFD9NgrFRFJkcnGPaLvI4FdIkzJj3+j7uYR/tSfaFSGHi8cgX77HXF/JCpETClYC69cDYrEzQAwHYkhACyg==
  dependencies:
    "@octokit/app" "^12.0.0"
    "@octokit/core" "^3.3.1"
    "@octokit/oauth-app" "^3.3.0"
    "@octokit/plugin-paginate-rest" "^2.13.3"
    "@octokit/plugin-rest-endpoint-methods" "^5.0.0"
    "@octokit/plugin-retry" "^3.0.8"
    "@octokit/plugin-throttling" "^3.4.3"
    "@octokit/types" "^6.16.1"

once@^1.4.0:
  version "1.4.0"
  resolved "https://registry.yarnpkg.com/once/-/once-1.4.0.tgz#583b1aa775961d4b113ac17d9c50baef9dd76bd1"
  integrity sha1-WDsap3WWHUsROsF9nFC6753Xa9E=
  dependencies:
    wrappy "1"

parse-entities@^2.0.0:
  version "2.0.0"
  resolved "https://registry.yarnpkg.com/parse-entities/-/parse-entities-2.0.0.tgz#53c6eb5b9314a1f4ec99fa0fdf7ce01ecda0cbe8"
  integrity sha512-kkywGpCcRYhqQIchaWqZ875wzpS/bMKhz5HnN3p7wveJTkTtyAB/AlnS0f8DFSqYW1T82t6yEAkEcB+A1I3MbQ==
  dependencies:
    character-entities "^1.0.0"
    character-entities-legacy "^1.0.0"
    character-reference-invalid "^1.0.0"
    is-alphanumerical "^1.0.0"
    is-decimal "^1.0.0"
    is-hexadecimal "^1.0.0"

prop-types@^15.7.2:
  version "15.7.2"
  resolved "https://registry.yarnpkg.com/prop-types/-/prop-types-15.7.2.tgz#52c41e75b8c87e72b9d9360e0206b99dcbffa6c5"
  integrity sha512-8QQikdH7//R2vurIJSutZ1smHYTcLpRWEOlHnzcWHmBYrOGUysKwSsrC89BCiFj3CbrfJ/nXFdJepOVrY1GCHQ==
  dependencies:
    loose-envify "^1.4.0"
    object-assign "^4.1.1"
    react-is "^16.8.1"

property-information@^5.0.0:
  version "5.6.0"
  resolved "https://registry.yarnpkg.com/property-information/-/property-information-5.6.0.tgz#61675545fb23002f245c6540ec46077d4da3ed69"
  integrity sha512-YUHSPk+A30YPv+0Qf8i9Mbfe/C0hdPXk1s1jPVToV8pk8BQtpw10ct89Eo7OWkutrwqvT0eicAxlOg3dOAu8JA==
  dependencies:
    xtend "^4.0.0"

react-is@^16.8.1:
  version "16.13.1"
  resolved "https://registry.yarnpkg.com/react-is/-/react-is-16.13.1.tgz#789729a4dc36de2999dc156dd6c1d9c18cea56a4"
  integrity sha512-24e6ynE2H+OKt4kqsOvNd8kBpV65zoxbA4BVsEOB3ARVWQki/DHzaUoC5KuON/BiccDaCCTZBuOcfZs70kR8bQ==

react-is@^17.0.0:
  version "17.0.2"
  resolved "https://registry.yarnpkg.com/react-is/-/react-is-17.0.2.tgz#e691d4a8e9c789365655539ab372762b0efb54f0"
  integrity sha512-w2GsyukL62IJnlaff/nRegPQR94C/XXamvMWmSHRJ4y7Ts/4ocGRmTHvOs8PSE6pB3dWOrD/nueuU5sduBsQ4w==

react-markdown@^6.0.2:
  version "6.0.2"
  resolved "https://registry.yarnpkg.com/react-markdown/-/react-markdown-6.0.2.tgz#d89be45c278b1e5f0196f851fffb11e30c69f027"
  integrity sha512-Et2AjXAsbmPP1nLQQRqmVgcqzfwcz8uQJ8VAdADs8Nk/aaUA0YeU9RDLuCtD+GwajCnm/+Iiu2KPmXzmD/M3vA==
  dependencies:
    "@types/hast" "^2.0.0"
    "@types/unist" "^2.0.3"
    comma-separated-tokens "^1.0.0"
    prop-types "^15.7.2"
    property-information "^5.0.0"
    react-is "^17.0.0"
    remark-parse "^9.0.0"
    remark-rehype "^8.0.0"
    space-separated-tokens "^1.1.0"
    style-to-object "^0.3.0"
    unified "^9.0.0"
    unist-util-visit "^2.0.0"
    vfile "^4.0.0"

recoil@^0.3.1:
  version "0.3.1"
  resolved "https://registry.yarnpkg.com/recoil/-/recoil-0.3.1.tgz#40ef544160d19d76e25de8929d7e512eace13b90"
  integrity sha512-KNA3DRqgxX4rRC8E7fc6uIw7BACmMPuraIYy+ejhE8tsw7w32CetMm8w7AMZa34wzanKKkev3vl3H7Z4s0QSiA==
  dependencies:
    hamt_plus "1.0.2"

remark-parse@^9.0.0:
  version "9.0.0"
  resolved "https://registry.yarnpkg.com/remark-parse/-/remark-parse-9.0.0.tgz#4d20a299665880e4f4af5d90b7c7b8a935853640"
  integrity sha512-geKatMwSzEXKHuzBNU1z676sGcDcFoChMK38TgdHJNAYfFtsfHDQG7MoJAjs6sgYMqyLduCYWDIWZIxiPeafEw==
  dependencies:
    mdast-util-from-markdown "^0.8.0"

remark-rehype@^8.0.0:
  version "8.1.0"
  resolved "https://registry.yarnpkg.com/remark-rehype/-/remark-rehype-8.1.0.tgz#610509a043484c1e697437fa5eb3fd992617c945"
  integrity sha512-EbCu9kHgAxKmW1yEYjx3QafMyGY3q8noUbNUI5xyKbaFP89wbhDrKxyIQNukNYthzjNHZu6J7hwFg7hRm1svYA==
  dependencies:
    mdast-util-to-hast "^10.2.0"

safe-buffer@^5.0.1:
  version "5.2.1"
  resolved "https://registry.yarnpkg.com/safe-buffer/-/safe-buffer-5.2.1.tgz#1eaf9fa9bdb1fdd4ec75f58f9cdb4e6b7827eec6"
  integrity sha512-rp3So07KcdmmKbGvgaNxQSJr7bGVSVk5S9Eq1F+ppbRo70+YeaDxkw5Dd8NPN+GD6bjnYm2VuPuCXmpuYvmCXQ==

semver@^5.6.0:
  version "5.7.1"
  resolved "https://registry.yarnpkg.com/semver/-/semver-5.7.1.tgz#a954f931aeba508d307bbf069eff0c01c96116f7"
  integrity sha512-sauaDf/PZdVgrLTNYHRtpXa1iRiKcaebiKQ1BJdpQlWH2lCvexQdX55snPFyK7QzpudqbCI0qXFfOasHdyNDGQ==

space-separated-tokens@^1.1.0:
  version "1.1.5"
  resolved "https://registry.yarnpkg.com/space-separated-tokens/-/space-separated-tokens-1.1.5.tgz#85f32c3d10d9682007e917414ddc5c26d1aa6899"
  integrity sha512-q/JSVd1Lptzhf5bkYm4ob4iWPjx0KiRe3sRFBNrVqbJkFaBm5vbbowy1mymoPNLRa52+oadOhJ+K49wsSeSjTA==

style-to-object@^0.3.0:
  version "0.3.0"
  resolved "https://registry.yarnpkg.com/style-to-object/-/style-to-object-0.3.0.tgz#b1b790d205991cc783801967214979ee19a76e46"
  integrity sha512-CzFnRRXhzWIdItT3OmF8SQfWyahHhjq3HwcMNCNLn+N7klOOqPjMeG/4JSu77D7ypZdGvSzvkrbyeTMizz2VrA==
  dependencies:
    inline-style-parser "0.1.1"

trough@^1.0.0:
  version "1.0.5"
  resolved "https://registry.yarnpkg.com/trough/-/trough-1.0.5.tgz#b8b639cefad7d0bb2abd37d433ff8293efa5f406"
  integrity sha512-rvuRbTarPXmMb79SmzEp8aqXNKcK+y0XaB298IXueQ8I2PsrATcPBCSPyK/dDNa2iWOhKlfNnOjdAOTBU/nkFA==

unified@^9.0.0:
  version "9.2.2"
  resolved "https://registry.yarnpkg.com/unified/-/unified-9.2.2.tgz#67649a1abfc3ab85d2969502902775eb03146975"
  integrity sha512-Sg7j110mtefBD+qunSLO1lqOEKdrwBFBrR6Qd8f4uwkhWNlbkaqwHse6e7QvD3AP/MNoJdEDLaf8OxYyoWgorQ==
  dependencies:
    bail "^1.0.0"
    extend "^3.0.0"
    is-buffer "^2.0.0"
    is-plain-obj "^2.0.0"
    trough "^1.0.0"
    vfile "^4.0.0"

unist-builder@^2.0.0:
  version "2.0.3"
  resolved "https://registry.yarnpkg.com/unist-builder/-/unist-builder-2.0.3.tgz#77648711b5d86af0942f334397a33c5e91516436"
  integrity sha512-f98yt5pnlMWlzP539tPc4grGMsFaQQlP/vM396b00jngsiINumNmsY8rkXjfoi1c6QaM8nQ3vaGDuoKWbe/1Uw==

unist-util-generated@^1.0.0:
  version "1.1.6"
  resolved "https://registry.yarnpkg.com/unist-util-generated/-/unist-util-generated-1.1.6.tgz#5ab51f689e2992a472beb1b35f2ce7ff2f324d4b"
  integrity sha512-cln2Mm1/CZzN5ttGK7vkoGw+RZ8VcUH6BtGbq98DDtRGquAAOXig1mrBQYelOwMXYS8rK+vZDyyojSjp7JX+Lg==

unist-util-is@^4.0.0:
  version "4.1.0"
  resolved "https://registry.yarnpkg.com/unist-util-is/-/unist-util-is-4.1.0.tgz#976e5f462a7a5de73d94b706bac1b90671b57797"
  integrity sha512-ZOQSsnce92GrxSqlnEEseX0gi7GH9zTJZ0p9dtu87WRb/37mMPO2Ilx1s/t9vBHrFhbgweUwb+t7cIn5dxPhZg==

unist-util-position@^3.0.0:
  version "3.1.0"
  resolved "https://registry.yarnpkg.com/unist-util-position/-/unist-util-position-3.1.0.tgz#1c42ee6301f8d52f47d14f62bbdb796571fa2d47"
  integrity sha512-w+PkwCbYSFw8vpgWD0v7zRCl1FpY3fjDSQ3/N/wNd9Ffa4gPi8+4keqt99N3XW6F99t/mUzp2xAhNmfKWp95QA==

unist-util-stringify-position@^2.0.0:
  version "2.0.3"
  resolved "https://registry.yarnpkg.com/unist-util-stringify-position/-/unist-util-stringify-position-2.0.3.tgz#cce3bfa1cdf85ba7375d1d5b17bdc4cada9bd9da"
  integrity sha512-3faScn5I+hy9VleOq/qNbAd6pAx7iH5jYBMS9I1HgQVijz/4mv5Bvw5iw1sC/90CODiKo81G/ps8AJrISn687g==
  dependencies:
    "@types/unist" "^2.0.2"

unist-util-visit-parents@^3.0.0:
  version "3.1.1"
  resolved "https://registry.yarnpkg.com/unist-util-visit-parents/-/unist-util-visit-parents-3.1.1.tgz#65a6ce698f78a6b0f56aa0e88f13801886cdaef6"
  integrity sha512-1KROIZWo6bcMrZEwiH2UrXDyalAa0uqzWCxCJj6lPOvTve2WkfgCytoDTPaMnodXh1WrXOq0haVYHj99ynJlsg==
  dependencies:
    "@types/unist" "^2.0.0"
    unist-util-is "^4.0.0"

unist-util-visit@^2.0.0:
  version "2.0.3"
  resolved "https://registry.yarnpkg.com/unist-util-visit/-/unist-util-visit-2.0.3.tgz#c3703893146df47203bb8a9795af47d7b971208c"
  integrity sha512-iJ4/RczbJMkD0712mGktuGpm/U4By4FfDonL7N/9tATGIF4imikjOuagyMY53tnZq3NP6BcmlrHhEKAfGWjh7Q==
  dependencies:
    "@types/unist" "^2.0.0"
    unist-util-is "^4.0.0"
    unist-util-visit-parents "^3.0.0"

universal-github-app-jwt@^1.0.1:
  version "1.1.0"
  resolved "https://registry.yarnpkg.com/universal-github-app-jwt/-/universal-github-app-jwt-1.1.0.tgz#0abaa876101cdf1d3e4c546be2768841c0c1b514"
  integrity sha512-3b+ocAjjz4JTyqaOT+NNBd5BtTuvJTxWElIoeHSVelUV9J3Jp7avmQTdLKCaoqi/5Ox2o/q+VK19TJ233rVXVQ==
  dependencies:
    "@types/jsonwebtoken" "^8.3.3"
    jsonwebtoken "^8.5.1"

universal-user-agent@^6.0.0:
  version "6.0.0"
  resolved "https://registry.yarnpkg.com/universal-user-agent/-/universal-user-agent-6.0.0.tgz#3381f8503b251c0d9cd21bc1de939ec9df5480ee"
  integrity sha512-isyNax3wXoKaulPDZWHQqbmIx1k2tb9fb3GGDBRxCscfYV2Ch7WxPArBsFEG8s/safwXTT7H4QGhaIkTp9447w==

vfile-message@^2.0.0:
  version "2.0.4"
  resolved "https://registry.yarnpkg.com/vfile-message/-/vfile-message-2.0.4.tgz#5b43b88171d409eae58477d13f23dd41d52c371a"
  integrity sha512-DjssxRGkMvifUOJre00juHoP9DPWuzjxKuMDrhNbk2TdaYYBNMStsNhEOt3idrtI12VQYM/1+iM0KOzXi4pxwQ==
  dependencies:
    "@types/unist" "^2.0.0"
    unist-util-stringify-position "^2.0.0"

vfile@^4.0.0:
  version "4.2.1"
  resolved "https://registry.yarnpkg.com/vfile/-/vfile-4.2.1.tgz#03f1dce28fc625c625bc6514350fbdb00fa9e624"
  integrity sha512-O6AE4OskCG5S1emQ/4gl8zK586RqA3srz3nfK/Viy0UPToBc5Trp9BVFb1u0CjsKrAWwnpr4ifM/KBXPWwJbCA==
  dependencies:
    "@types/unist" "^2.0.0"
    is-buffer "^2.0.0"
    unist-util-stringify-position "^2.0.0"
    vfile-message "^2.0.0"

wrappy@1:
  version "1.0.2"
  resolved "https://registry.yarnpkg.com/wrappy/-/wrappy-1.0.2.tgz#b5243d8f3ec1aa35f1364605bc0d1036e30ab69f"
  integrity sha1-tSQ9jz7BqjXxNkYFvA0QNuMKtp8=

xtend@^4.0.0:
  version "4.0.2"
  resolved "https://registry.yarnpkg.com/xtend/-/xtend-4.0.2.tgz#bb72779f5fa465186b1f438f674fa347fdb5db54"
  integrity sha512-LKYU1iAXJXUgAXn9URjiu+MWhyUXHsvfp7mcuYm9dSUKK0/CjtrUwFAxD82/mCWbtLsGjFIad0wIsod4zrTAEQ==

yallist@^4.0.0:
  version "4.0.0"
  resolved "https://registry.yarnpkg.com/yallist/-/yallist-4.0.0.tgz#9bb92790d9c0effec63be73519e11a35019a3a72"
  integrity sha512-3wdGidZyq5PB084XLES5TpOSRA3wjXAlIWMhum2kRcv/41Sn2emQ0dycQW4uZXLejwKvg6EsvbdlVL+FYEct7A==
